// !$*UTF8*$!
{
	archiveVersion = 1;
	classes = {
	};
	objectVersion = 51;
	objects = {

/* Begin PBXBuildFile section */
		0CAB003B2738D57C0003FF7F /* AppDelegate.swift in Sources */ = {isa = PBXBuildFile; fileRef = 0CAB003A2738D57C0003FF7F /* AppDelegate.swift */; };
		0CAB003D2738D57C0003FF7F /* SceneDelegate.swift in Sources */ = {isa = PBXBuildFile; fileRef = 0CAB003C2738D57C0003FF7F /* SceneDelegate.swift */; };
		0CAB00422738D57D0003FF7F /* Main.storyboard in Resources */ = {isa = PBXBuildFile; fileRef = 0CAB00402738D57D0003FF7F /* Main.storyboard */; };
		0CAB00442738D57F0003FF7F /* Assets.xcassets in Resources */ = {isa = PBXBuildFile; fileRef = 0CAB00432738D57F0003FF7F /* Assets.xcassets */; };
		0CAB00472738D57F0003FF7F /* LaunchScreen.storyboard in Resources */ = {isa = PBXBuildFile; fileRef = 0CAB00452738D57F0003FF7F /* LaunchScreen.storyboard */; };
		0CAB004F2738E6270003FF7F /* GoogleService-Info.plist in Resources */ = {isa = PBXBuildFile; fileRef = 0CAB004E2738E6270003FF7F /* GoogleService-Info.plist */; };
		0CAB00632739FCE70003FF7F /* LoginViewController.swift in Sources */ = {isa = PBXBuildFile; fileRef = 0CAB00622739FCE70003FF7F /* LoginViewController.swift */; };
		0CAB00652739FD070003FF7F /* HomeViewController.swift in Sources */ = {isa = PBXBuildFile; fileRef = 0CAB00642739FD070003FF7F /* HomeViewController.swift */; };
		0CAB00672739FD490003FF7F /* ImageSelectViewController.swift in Sources */ = {isa = PBXBuildFile; fileRef = 0CAB00662739FD490003FF7F /* ImageSelectViewController.swift */; };
		0CAB00692739FD7B0003FF7F /* PostViewController.swift in Sources */ = {isa = PBXBuildFile; fileRef = 0CAB00682739FD7B0003FF7F /* PostViewController.swift */; };
		0CAB006B2739FDA60003FF7F /* SettingViewController.swift in Sources */ = {isa = PBXBuildFile; fileRef = 0CAB006A2739FDA60003FF7F /* SettingViewController.swift */; };
		0CAB006D273A01570003FF7F /* TabBarControllerViewController.swift in Sources */ = {isa = PBXBuildFile; fileRef = 0CAB006C273A01570003FF7F /* TabBarControllerViewController.swift */; };
		0CAB006F273A25D70003FF7F /* BirthdayViewController.swift in Sources */ = {isa = PBXBuildFile; fileRef = 0CAB006E273A25D70003FF7F /* BirthdayViewController.swift */; };
		0CAB0071273A26880003FF7F /* StartMenstruationViewController.swift in Sources */ = {isa = PBXBuildFile; fileRef = 0CAB0070273A26880003FF7F /* StartMenstruationViewController.swift */; };
		0CAB0073273A271B0003FF7F /* MenstrualCycleViewController.swift in Sources */ = {isa = PBXBuildFile; fileRef = 0CAB0072273A271B0003FF7F /* MenstrualCycleViewController.swift */; };
		0CAB0075273A279A0003FF7F /* MenstrualPeriodViewController.swift in Sources */ = {isa = PBXBuildFile; fileRef = 0CAB0074273A279A0003FF7F /* MenstrualPeriodViewController.swift */; };
		16C61FB1A0AEA142ADF4B53B /* Pods_PartnerNotification.framework in Frameworks */ = {isa = PBXBuildFile; fileRef = 245596E528423487C1E1FBA5 /* Pods_PartnerNotification.framework */; };
/* End PBXBuildFile section */

/* Begin PBXFileReference section */
		0CAB00372738D57C0003FF7F /* PartnerNotification.app */ = {isa = PBXFileReference; explicitFileType = wrapper.application; includeInIndex = 0; path = PartnerNotification.app; sourceTree = BUILT_PRODUCTS_DIR; };
		0CAB003A2738D57C0003FF7F /* AppDelegate.swift */ = {isa = PBXFileReference; lastKnownFileType = sourcecode.swift; path = AppDelegate.swift; sourceTree = "<group>"; };
		0CAB003C2738D57C0003FF7F /* SceneDelegate.swift */ = {isa = PBXFileReference; lastKnownFileType = sourcecode.swift; path = SceneDelegate.swift; sourceTree = "<group>"; };
		0CAB00412738D57D0003FF7F /* Base */ = {isa = PBXFileReference; lastKnownFileType = file.storyboard; name = Base; path = Base.lproj/Main.storyboard; sourceTree = "<group>"; };
		0CAB00432738D57F0003FF7F /* Assets.xcassets */ = {isa = PBXFileReference; lastKnownFileType = folder.assetcatalog; path = Assets.xcassets; sourceTree = "<group>"; };
		0CAB00462738D57F0003FF7F /* Base */ = {isa = PBXFileReference; lastKnownFileType = file.storyboard; name = Base; path = Base.lproj/LaunchScreen.storyboard; sourceTree = "<group>"; };
		0CAB00482738D57F0003FF7F /* Info.plist */ = {isa = PBXFileReference; lastKnownFileType = text.plist.xml; path = Info.plist; sourceTree = "<group>"; };
		0CAB004E2738E6270003FF7F /* GoogleService-Info.plist */ = {isa = PBXFileReference; fileEncoding = 4; lastKnownFileType = text.plist.xml; path = "GoogleService-Info.plist"; sourceTree = "<group>"; };
		0CAB00622739FCE70003FF7F /* LoginViewController.swift */ = {isa = PBXFileReference; lastKnownFileType = sourcecode.swift; path = LoginViewController.swift; sourceTree = "<group>"; };
		0CAB00642739FD070003FF7F /* HomeViewController.swift */ = {isa = PBXFileReference; lastKnownFileType = sourcecode.swift; path = HomeViewController.swift; sourceTree = "<group>"; };
		0CAB00662739FD490003FF7F /* ImageSelectViewController.swift */ = {isa = PBXFileReference; lastKnownFileType = sourcecode.swift; path = ImageSelectViewController.swift; sourceTree = "<group>"; };
		0CAB00682739FD7B0003FF7F /* PostViewController.swift */ = {isa = PBXFileReference; lastKnownFileType = sourcecode.swift; path = PostViewController.swift; sourceTree = "<group>"; };
		0CAB006A2739FDA60003FF7F /* SettingViewController.swift */ = {isa = PBXFileReference; lastKnownFileType = sourcecode.swift; path = SettingViewController.swift; sourceTree = "<group>"; };
		0CAB006C273A01570003FF7F /* TabBarControllerViewController.swift */ = {isa = PBXFileReference; lastKnownFileType = sourcecode.swift; path = TabBarControllerViewController.swift; sourceTree = "<group>"; };
		0CAB006E273A25D70003FF7F /* BirthdayViewController.swift */ = {isa = PBXFileReference; lastKnownFileType = sourcecode.swift; path = BirthdayViewController.swift; sourceTree = "<group>"; };
		0CAB0070273A26880003FF7F /* StartMenstruationViewController.swift */ = {isa = PBXFileReference; lastKnownFileType = sourcecode.swift; path = StartMenstruationViewController.swift; sourceTree = "<group>"; };
		0CAB0072273A271B0003FF7F /* MenstrualCycleViewController.swift */ = {isa = PBXFileReference; lastKnownFileType = sourcecode.swift; path = MenstrualCycleViewController.swift; sourceTree = "<group>"; };
		0CAB0074273A279A0003FF7F /* MenstrualPeriodViewController.swift */ = {isa = PBXFileReference; lastKnownFileType = sourcecode.swift; path = MenstrualPeriodViewController.swift; sourceTree = "<group>"; };
		245596E528423487C1E1FBA5 /* Pods_PartnerNotification.framework */ = {isa = PBXFileReference; explicitFileType = wrapper.framework; includeInIndex = 0; path = Pods_PartnerNotification.framework; sourceTree = BUILT_PRODUCTS_DIR; };
		55006A44607EFD45F8B048D7 /* Pods-PartnerNotification.debug.xcconfig */ = {isa = PBXFileReference; includeInIndex = 1; lastKnownFileType = text.xcconfig; name = "Pods-PartnerNotification.debug.xcconfig"; path = "Target Support Files/Pods-PartnerNotification/Pods-PartnerNotification.debug.xcconfig"; sourceTree = "<group>"; };
		7015A48A83208632986B367B /* Pods-PartnerNotification.release.xcconfig */ = {isa = PBXFileReference; includeInIndex = 1; lastKnownFileType = text.xcconfig; name = "Pods-PartnerNotification.release.xcconfig"; path = "Target Support Files/Pods-PartnerNotification/Pods-PartnerNotification.release.xcconfig"; sourceTree = "<group>"; };
/* End PBXFileReference section */

/* Begin PBXFrameworksBuildPhase section */
		0CAB00342738D57C0003FF7F /* Frameworks */ = {
			isa = PBXFrameworksBuildPhase;
			buildActionMask = 2147483647;
			files = (
				16C61FB1A0AEA142ADF4B53B /* Pods_PartnerNotification.framework in Frameworks */,
			);
			runOnlyForDeploymentPostprocessing = 0;
		};
/* End PBXFrameworksBuildPhase section */

/* Begin PBXGroup section */
		0CAB002E2738D57C0003FF7F = {
			isa = PBXGroup;
			children = (
				0CAB00392738D57C0003FF7F /* PartnerNotification */,
				0CAB00382738D57C0003FF7F /* Products */,
				5A519AE7205D961BBEF9EFBC /* Pods */,
				6B5E11757453D6926C07A2C3 /* Frameworks */,
			);
			sourceTree = "<group>";
		};
		0CAB00382738D57C0003FF7F /* Products */ = {
			isa = PBXGroup;
			children = (
				0CAB00372738D57C0003FF7F /* PartnerNotification.app */,
			);
			name = Products;
			sourceTree = "<group>";
		};
		0CAB00392738D57C0003FF7F /* PartnerNotification */ = {
			isa = PBXGroup;
			children = (
				0CAB003A2738D57C0003FF7F /* AppDelegate.swift */,
				0CAB003C2738D57C0003FF7F /* SceneDelegate.swift */,
				0CAB00402738D57D0003FF7F /* Main.storyboard */,
				0CAB0074273A279A0003FF7F /* MenstrualPeriodViewController.swift */,
				0CAB0072273A271B0003FF7F /* MenstrualCycleViewController.swift */,
				0CAB0070273A26880003FF7F /* StartMenstruationViewController.swift */,
				0CAB006E273A25D70003FF7F /* BirthdayViewController.swift */,
				0CAB006C273A01570003FF7F /* TabBarControllerViewController.swift */,
				0CAB00662739FD490003FF7F /* ImageSelectViewController.swift */,
				0CAB00682739FD7B0003FF7F /* PostViewController.swift */,
				0CAB006A2739FDA60003FF7F /* SettingViewController.swift */,
				0CAB00642739FD070003FF7F /* HomeViewController.swift */,
				0CAB00622739FCE70003FF7F /* LoginViewController.swift */,
				0CAB00432738D57F0003FF7F /* Assets.xcassets */,
				0CAB00452738D57F0003FF7F /* LaunchScreen.storyboard */,
				0CAB00482738D57F0003FF7F /* Info.plist */,
				0CAB004E2738E6270003FF7F /* GoogleService-Info.plist */,
			);
			path = PartnerNotification;
			sourceTree = "<group>";
		};
		5A519AE7205D961BBEF9EFBC /* Pods */ = {
			isa = PBXGroup;
			children = (
				55006A44607EFD45F8B048D7 /* Pods-PartnerNotification.debug.xcconfig */,
				7015A48A83208632986B367B /* Pods-PartnerNotification.release.xcconfig */,
			);
			path = Pods;
			sourceTree = "<group>";
		};
		6B5E11757453D6926C07A2C3 /* Frameworks */ = {
			isa = PBXGroup;
			children = (
				245596E528423487C1E1FBA5 /* Pods_PartnerNotification.framework */,
			);
			name = Frameworks;
			sourceTree = "<group>";
		};
/* End PBXGroup section */

/* Begin PBXNativeTarget section */
		0CAB00362738D57C0003FF7F /* PartnerNotification */ = {
			isa = PBXNativeTarget;
			buildConfigurationList = 0CAB004B2738D57F0003FF7F /* Build configuration list for PBXNativeTarget "PartnerNotification" */;
			buildPhases = (
				651550FF0A543DB86D43D828 /* [CP] Check Pods Manifest.lock */,
				0CAB00332738D57C0003FF7F /* Sources */,
				0CAB00342738D57C0003FF7F /* Frameworks */,
				0CAB00352738D57C0003FF7F /* Resources */,
				4E6D869261CCB1476CDA6D13 /* [CP] Embed Pods Frameworks */,
			);
			buildRules = (
			);
			dependencies = (
			);
			name = PartnerNotification;
			productName = PartnerNotification;
			productReference = 0CAB00372738D57C0003FF7F /* PartnerNotification.app */;
			productType = "com.apple.product-type.application";
		};
/* End PBXNativeTarget section */

/* Begin PBXProject section */
		0CAB002F2738D57C0003FF7F /* Project object */ = {
			isa = PBXProject;
			attributes = {
				LastSwiftUpdateCheck = 1250;
				LastUpgradeCheck = 1250;
				TargetAttributes = {
					0CAB00362738D57C0003FF7F = {
						CreatedOnToolsVersion = 12.5.1;
					};
				};
			};
			buildConfigurationList = 0CAB00322738D57C0003FF7F /* Build configuration list for PBXProject "PartnerNotification" */;
			compatibilityVersion = "Xcode 9.3";
			developmentRegion = en;
			hasScannedForEncodings = 0;
			knownRegions = (
				en,
				Base,
			);
			mainGroup = 0CAB002E2738D57C0003FF7F;
			productRefGroup = 0CAB00382738D57C0003FF7F /* Products */;
			projectDirPath = "";
			projectRoot = "";
			targets = (
				0CAB00362738D57C0003FF7F /* PartnerNotification */,
			);
		};
/* End PBXProject section */

/* Begin PBXResourcesBuildPhase section */
		0CAB00352738D57C0003FF7F /* Resources */ = {
			isa = PBXResourcesBuildPhase;
			buildActionMask = 2147483647;
			files = (
				0CAB00472738D57F0003FF7F /* LaunchScreen.storyboard in Resources */,
				0CAB004F2738E6270003FF7F /* GoogleService-Info.plist in Resources */,
				0CAB00442738D57F0003FF7F /* Assets.xcassets in Resources */,
				0CAB00422738D57D0003FF7F /* Main.storyboard in Resources */,
			);
			runOnlyForDeploymentPostprocessing = 0;
		};
/* End PBXResourcesBuildPhase section */

/* Begin PBXShellScriptBuildPhase section */
		4E6D869261CCB1476CDA6D13 /* [CP] Embed Pods Frameworks */ = {
			isa = PBXShellScriptBuildPhase;
			buildActionMask = 2147483647;
			files = (
			);
			inputFileListPaths = (
				"${PODS_ROOT}/Target Support Files/Pods-PartnerNotification/Pods-PartnerNotification-frameworks-${CONFIGURATION}-input-files.xcfilelist",
			);
			name = "[CP] Embed Pods Frameworks";
			outputFileListPaths = (
				"${PODS_ROOT}/Target Support Files/Pods-PartnerNotification/Pods-PartnerNotification-frameworks-${CONFIGURATION}-output-files.xcfilelist",
			);
			runOnlyForDeploymentPostprocessing = 0;
			shellPath = /bin/sh;
			shellScript = "\"${PODS_ROOT}/Target Support Files/Pods-PartnerNotification/Pods-PartnerNotification-frameworks.sh\"\n";
			showEnvVarsInLog = 0;
		};
		651550FF0A543DB86D43D828 /* [CP] Check Pods Manifest.lock */ = {
			isa = PBXShellScriptBuildPhase;
			buildActionMask = 2147483647;
			files = (
			);
			inputFileListPaths = (
			);
			inputPaths = (
				"${PODS_PODFILE_DIR_PATH}/Podfile.lock",
				"${PODS_ROOT}/Manifest.lock",
			);
			name = "[CP] Check Pods Manifest.lock";
			outputFileListPaths = (
			);
			outputPaths = (
				"$(DERIVED_FILE_DIR)/Pods-PartnerNotification-checkManifestLockResult.txt",
			);
			runOnlyForDeploymentPostprocessing = 0;
			shellPath = /bin/sh;
			shellScript = "diff \"${PODS_PODFILE_DIR_PATH}/Podfile.lock\" \"${PODS_ROOT}/Manifest.lock\" > /dev/null\nif [ $? != 0 ] ; then\n    # print error to STDERR\n    echo \"error: The sandbox is not in sync with the Podfile.lock. Run 'pod install' or update your CocoaPods installation.\" >&2\n    exit 1\nfi\n# This output is used by Xcode 'outputs' to avoid re-running this script phase.\necho \"SUCCESS\" > \"${SCRIPT_OUTPUT_FILE_0}\"\n";
			showEnvVarsInLog = 0;
		};
/* End PBXShellScriptBuildPhase section */

/* Begin PBXSourcesBuildPhase section */
		0CAB00332738D57C0003FF7F /* Sources */ = {
			isa = PBXSourcesBuildPhase;
			buildActionMask = 2147483647;
			files = (
				0CAB00672739FD490003FF7F /* ImageSelectViewController.swift in Sources */,
				0CAB00652739FD070003FF7F /* HomeViewController.swift in Sources */,
				0CAB00692739FD7B0003FF7F /* PostViewController.swift in Sources */,
				0CAB006B2739FDA60003FF7F /* SettingViewController.swift in Sources */,
				0CAB00632739FCE70003FF7F /* LoginViewController.swift in Sources */,
				0CAB006F273A25D70003FF7F /* BirthdayViewController.swift in Sources */,
				0CAB003B2738D57C0003FF7F /* AppDelegate.swift in Sources */,
				0CAB0075273A279A0003FF7F /* MenstrualPeriodViewController.swift in Sources */,
				0CAB0073273A271B0003FF7F /* MenstrualCycleViewController.swift in Sources */,
				0CAB006D273A01570003FF7F /* TabBarControllerViewController.swift in Sources */,
				0CAB0071273A26880003FF7F /* StartMenstruationViewController.swift in Sources */,
				0CAB003D2738D57C0003FF7F /* SceneDelegate.swift in Sources */,
			);
			runOnlyForDeploymentPostprocessing = 0;
		};
/* End PBXSourcesBuildPhase section */

/* Begin PBXVariantGroup section */
		0CAB00402738D57D0003FF7F /* Main.storyboard */ = {
			isa = PBXVariantGroup;
			children = (
				0CAB00412738D57D0003FF7F /* Base */,
			);
			name = Main.storyboard;
			sourceTree = "<group>";
		};
		0CAB00452738D57F0003FF7F /* LaunchScreen.storyboard */ = {
			isa = PBXVariantGroup;
			children = (
				0CAB00462738D57F0003FF7F /* Base */,
			);
			name = LaunchScreen.storyboard;
			sourceTree = "<group>";
		};
/* End PBXVariantGroup section */

/* Begin XCBuildConfiguration section */
		0CAB00492738D57F0003FF7F /* Debug */ = {
			isa = XCBuildConfiguration;
			buildSettings = {
				ALWAYS_SEARCH_USER_PATHS = NO;
				CLANG_ANALYZER_NONNULL = YES;
				CLANG_ANALYZER_NUMBER_OBJECT_CONVERSION = YES_AGGRESSIVE;
				CLANG_CXX_LANGUAGE_STANDARD = "gnu++14";
				CLANG_CXX_LIBRARY = "libc++";
				CLANG_ENABLE_MODULES = YES;
				CLANG_ENABLE_OBJC_ARC = YES;
				CLANG_ENABLE_OBJC_WEAK = YES;
				CLANG_WARN_BLOCK_CAPTURE_AUTORELEASING = YES;
				CLANG_WARN_BOOL_CONVERSION = YES;
				CLANG_WARN_COMMA = YES;
				CLANG_WARN_CONSTANT_CONVERSION = YES;
				CLANG_WARN_DEPRECATED_OBJC_IMPLEMENTATIONS = YES;
				CLANG_WARN_DIRECT_OBJC_ISA_USAGE = YES_ERROR;
				CLANG_WARN_DOCUMENTATION_COMMENTS = YES;
				CLANG_WARN_EMPTY_BODY = YES;
				CLANG_WARN_ENUM_CONVERSION = YES;
				CLANG_WARN_INFINITE_RECURSION = YES;
				CLANG_WARN_INT_CONVERSION = YES;
				CLANG_WARN_NON_LITERAL_NULL_CONVERSION = YES;
				CLANG_WARN_OBJC_IMPLICIT_RETAIN_SELF = YES;
				CLANG_WARN_OBJC_LITERAL_CONVERSION = YES;
				CLANG_WARN_OBJC_ROOT_CLASS = YES_ERROR;
				CLANG_WARN_QUOTED_INCLUDE_IN_FRAMEWORK_HEADER = YES;
				CLANG_WARN_RANGE_LOOP_ANALYSIS = YES;
				CLANG_WARN_STRICT_PROTOTYPES = YES;
				CLANG_WARN_SUSPICIOUS_MOVE = YES;
				CLANG_WARN_UNGUARDED_AVAILABILITY = YES_AGGRESSIVE;
				CLANG_WARN_UNREACHABLE_CODE = YES;
				CLANG_WARN__DUPLICATE_METHOD_MATCH = YES;
				COPY_PHASE_STRIP = NO;
				DEBUG_INFORMATION_FORMAT = dwarf;
				ENABLE_STRICT_OBJC_MSGSEND = YES;
				ENABLE_TESTABILITY = YES;
				GCC_C_LANGUAGE_STANDARD = gnu11;
				GCC_DYNAMIC_NO_PIC = NO;
				GCC_NO_COMMON_BLOCKS = YES;
				GCC_OPTIMIZATION_LEVEL = 0;
				GCC_PREPROCESSOR_DEFINITIONS = (
					"DEBUG=1",
					"$(inherited)",
				);
				GCC_WARN_64_TO_32_BIT_CONVERSION = YES;
				GCC_WARN_ABOUT_RETURN_TYPE = YES_ERROR;
				GCC_WARN_UNDECLARED_SELECTOR = YES;
				GCC_WARN_UNINITIALIZED_AUTOS = YES_AGGRESSIVE;
				GCC_WARN_UNUSED_FUNCTION = YES;
				GCC_WARN_UNUSED_VARIABLE = YES;
				IPHONEOS_DEPLOYMENT_TARGET = 14.5;
				MTL_ENABLE_DEBUG_INFO = INCLUDE_SOURCE;
				MTL_FAST_MATH = YES;
				ONLY_ACTIVE_ARCH = YES;
				SDKROOT = iphoneos;
				SWIFT_ACTIVE_COMPILATION_CONDITIONS = DEBUG;
				SWIFT_OPTIMIZATION_LEVEL = "-Onone";
			};
			name = Debug;
		};
		0CAB004A2738D57F0003FF7F /* Release */ = {
			isa = XCBuildConfiguration;
			buildSettings = {
				ALWAYS_SEARCH_USER_PATHS = NO;
				CLANG_ANALYZER_NONNULL = YES;
				CLANG_ANALYZER_NUMBER_OBJECT_CONVERSION = YES_AGGRESSIVE;
				CLANG_CXX_LANGUAGE_STANDARD = "gnu++14";
				CLANG_CXX_LIBRARY = "libc++";
				CLANG_ENABLE_MODULES = YES;
				CLANG_ENABLE_OBJC_ARC = YES;
				CLANG_ENABLE_OBJC_WEAK = YES;
				CLANG_WARN_BLOCK_CAPTURE_AUTORELEASING = YES;
				CLANG_WARN_BOOL_CONVERSION = YES;
				CLANG_WARN_COMMA = YES;
				CLANG_WARN_CONSTANT_CONVERSION = YES;
				CLANG_WARN_DEPRECATED_OBJC_IMPLEMENTATIONS = YES;
				CLANG_WARN_DIRECT_OBJC_ISA_USAGE = YES_ERROR;
				CLANG_WARN_DOCUMENTATION_COMMENTS = YES;
				CLANG_WARN_EMPTY_BODY = YES;
				CLANG_WARN_ENUM_CONVERSION = YES;
				CLANG_WARN_INFINITE_RECURSION = YES;
				CLANG_WARN_INT_CONVERSION = YES;
				CLANG_WARN_NON_LITERAL_NULL_CONVERSION = YES;
				CLANG_WARN_OBJC_IMPLICIT_RETAIN_SELF = YES;
				CLANG_WARN_OBJC_LITERAL_CONVERSION = YES;
				CLANG_WARN_OBJC_ROOT_CLASS = YES_ERROR;
				CLANG_WARN_QUOTED_INCLUDE_IN_FRAMEWORK_HEADER = YES;
				CLANG_WARN_RANGE_LOOP_ANALYSIS = YES;
				CLANG_WARN_STRICT_PROTOTYPES = YES;
				CLANG_WARN_SUSPICIOUS_MOVE = YES;
				CLANG_WARN_UNGUARDED_AVAILABILITY = YES_AGGRESSIVE;
				CLANG_WARN_UNREACHABLE_CODE = YES;
				CLANG_WARN__DUPLICATE_METHOD_MATCH = YES;
				COPY_PHASE_STRIP = NO;
				DEBUG_INFORMATION_FORMAT = "dwarf-with-dsym";
				ENABLE_NS_ASSERTIONS = NO;
				ENABLE_STRICT_OBJC_MSGSEND = YES;
				GCC_C_LANGUAGE_STANDARD = gnu11;
				GCC_NO_COMMON_BLOCKS = YES;
				GCC_WARN_64_TO_32_BIT_CONVERSION = YES;
				GCC_WARN_ABOUT_RETURN_TYPE = YES_ERROR;
				GCC_WARN_UNDECLARED_SELECTOR = YES;
				GCC_WARN_UNINITIALIZED_AUTOS = YES_AGGRESSIVE;
				GCC_WARN_UNUSED_FUNCTION = YES;
				GCC_WARN_UNUSED_VARIABLE = YES;
				IPHONEOS_DEPLOYMENT_TARGET = 14.5;
				MTL_ENABLE_DEBUG_INFO = NO;
				MTL_FAST_MATH = YES;
				SDKROOT = iphoneos;
				SWIFT_COMPILATION_MODE = wholemodule;
				SWIFT_OPTIMIZATION_LEVEL = "-O";
				VALIDATE_PRODUCT = YES;
			};
			name = Release;
		};
		0CAB004C2738D57F0003FF7F /* Debug */ = {
			isa = XCBuildConfiguration;
			baseConfigurationReference = 55006A44607EFD45F8B048D7 /* Pods-PartnerNotification.debug.xcconfig */;
			buildSettings = {
				ASSETCATALOG_COMPILER_APPICON_NAME = AppIcon;
				ASSETCATALOG_COMPILER_GLOBAL_ACCENT_COLOR_NAME = AccentColor;
				CODE_SIGN_STYLE = Automatic;
				DEVELOPMENT_TEAM = DH538GBU74;
				INFOPLIST_FILE = PartnerNotification/Info.plist;
				LD_RUNPATH_SEARCH_PATHS = (
					"$(inherited)",
					"@executable_path/Frameworks",
				);
				PRODUCT_BUNDLE_IDENTIFIER = jp.techacademy.natsumi.shinohara.PartnerNotification;
				PRODUCT_NAME = "$(TARGET_NAME)";
				SWIFT_VERSION = 5.0;
				TARGETED_DEVICE_FAMILY = "1,2";
			};
			name = Debug;
		};
		0CAB004D2738D57F0003FF7F /* Release */ = {
			isa = XCBuildConfiguration;
			baseConfigurationReference = 7015A48A83208632986B367B /* Pods-PartnerNotification.release.xcconfig */;
			buildSettings = {
				ASSETCATALOG_COMPILER_APPICON_NAME = AppIcon;
				ASSETCATALOG_COMPILER_GLOBAL_ACCENT_COLOR_NAME = AccentColor;
				CODE_SIGN_STYLE = Automatic;
				DEVELOPMENT_TEAM = DH538GBU74;
				INFOPLIST_FILE = PartnerNotification/Info.plist;
				LD_RUNPATH_SEARCH_PATHS = (
					"$(inherited)",
					"@executable_path/Frameworks",
				);
				PRODUCT_BUNDLE_IDENTIFIER = jp.techacademy.natsumi.shinohara.PartnerNotification;
				PRODUCT_NAME = "$(TARGET_NAME)";
				SWIFT_VERSION = 5.0;
				TARGETED_DEVICE_FAMILY = "1,2";
			};
			name = Release;
		};
/* End XCBuildConfiguration section */

/* Begin XCConfigurationList section */
		0CAB00322738D57C0003FF7F /* Build configuration list for PBXProject "PartnerNotification" */ = {
			isa = XCConfigurationList;
			buildConfigurations = (
				0CAB00492738D57F0003FF7F /* Debug */,
				0CAB004A2738D57F0003FF7F /* Release */,
			);
			defaultConfigurationIsVisible = 0;
			defaultConfigurationName = Release;
		};
		0CAB004B2738D57F0003FF7F /* Build configuration list for PBXNativeTarget "PartnerNotification" */ = {
			isa = XCConfigurationList;
			buildConfigurations = (
				0CAB004C2738D57F0003FF7F /* Debug */,
				0CAB004D2738D57F0003FF7F /* Release */,
			);
			defaultConfigurationIsVisible = 0;
			defaultConfigurationName = Release;
		};
/* End XCConfigurationList section */
	};
	rootObject = 0CAB002F2738D57C0003FF7F /* Project object */;
}
